// !$*UTF8*$!
{
	archiveVersion = 1;
	classes = {
	};
	objectVersion = 60;
	objects = {

/* Begin PBXBuildFile section */
		FA9DA02C2C455442002889CB /* HighlightFreezeDemoApp.swift in Sources */ = {isa = PBXBuildFile; fileRef = FA9DA02B2C455442002889CB /* HighlightFreezeDemoApp.swift */; };
		FA9DA02E2C455442002889CB /* ContentView.swift in Sources */ = {isa = PBXBuildFile; fileRef = FA9DA02D2C455442002889CB /* ContentView.swift */; };
		FA9DA0302C455443002889CB /* Assets.xcassets in Resources */ = {isa = PBXBuildFile; fileRef = FA9DA02F2C455443002889CB /* Assets.xcassets */; };
		FA9DA0342C455443002889CB /* Preview Assets.xcassets in Resources */ = {isa = PBXBuildFile; fileRef = FA9DA0332C455443002889CB /* Preview Assets.xcassets */; };
		FA9DA0542C4556D1002889CB /* HLJSError.swift in Sources */ = {isa = PBXBuildFile; fileRef = FA9DA0502C4556D1002889CB /* HLJSError.swift */; };
		FA9DA0552C4556D1002889CB /* HighlightSyntaxHighlighter.swift in Sources */ = {isa = PBXBuildFile; fileRef = FA9DA0442C4556D1002889CB /* HighlightSyntaxHighlighter.swift */; };
		FA9DA0562C4556D1002889CB /* Highlight.swift in Sources */ = {isa = PBXBuildFile; fileRef = FA9DA0452C4556D1002889CB /* Highlight.swift */; };
		FA9DA0572C4556D1002889CB /* HighlightColors.swift in Sources */ = {isa = PBXBuildFile; fileRef = FA9DA04B2C4556D1002889CB /* HighlightColors.swift */; };
		FA9DA0582C4556D1002889CB /* HighlightMode.swift in Sources */ = {isa = PBXBuildFile; fileRef = FA9DA0482C4556D1002889CB /* HighlightMode.swift */; };
		FA9DA0592C4556D1002889CB /* HighlightLanguage.swift in Sources */ = {isa = PBXBuildFile; fileRef = FA9DA0492C4556D1002889CB /* HighlightLanguage.swift */; };
		FA9DA05A2C4556D1002889CB /* HighlightResult.swift in Sources */ = {isa = PBXBuildFile; fileRef = FA9DA0472C4556D1002889CB /* HighlightResult.swift */; };
		FA9DA05B2C4556D1002889CB /* HighlightBackground.swift in Sources */ = {isa = PBXBuildFile; fileRef = FA9DA04D2C4556D1002889CB /* HighlightBackground.swift */; };
		FA9DA05C2C4556D1002889CB /* HLJS.swift in Sources */ = {isa = PBXBuildFile; fileRef = FA9DA0512C4556D1002889CB /* HLJS.swift */; };
		FA9DA05D2C4556D1002889CB /* HighlightCSS.swift in Sources */ = {isa = PBXBuildFile; fileRef = FA9DA04C2C4556D1002889CB /* HighlightCSS.swift */; };
		FA9DA05E2C4556D1002889CB /* HighlightEntry.swift in Sources */ = {isa = PBXBuildFile; fileRef = FA9DA04A2C4556D1002889CB /* HighlightEntry.swift */; };
		FA9DA05F2C4556D1002889CB /* HLJSResult.swift in Sources */ = {isa = PBXBuildFile; fileRef = FA9DA04F2C4556D1002889CB /* HLJSResult.swift */; };
		FA9DA0602C4556D1002889CB /* HighlightTheme.swift in Sources */ = {isa = PBXBuildFile; fileRef = FA9DA0462C4556D1002889CB /* HighlightTheme.swift */; };
		FA9DA0612C4556D1002889CB /* highlight.min.js in Resources */ = {isa = PBXBuildFile; fileRef = FA9DA0422C4556D1002889CB /* highlight.min.js */; };
		FA9DA0642C455706002889CB /* MarkdownUI in Frameworks */ = {isa = PBXBuildFile; productRef = FA9DA0632C455706002889CB /* MarkdownUI */; };
/* End PBXBuildFile section */

/* Begin PBXFileReference section */
		FA9DA0282C455442002889CB /* HighlightFreezeDemo.app */ = {isa = PBXFileReference; explicitFileType = wrapper.application; includeInIndex = 0; path = HighlightFreezeDemo.app; sourceTree = BUILT_PRODUCTS_DIR; };
		FA9DA02B2C455442002889CB /* HighlightFreezeDemoApp.swift */ = {isa = PBXFileReference; lastKnownFileType = sourcecode.swift; path = HighlightFreezeDemoApp.swift; sourceTree = "<group>"; };
		FA9DA02D2C455442002889CB /* ContentView.swift */ = {isa = PBXFileReference; lastKnownFileType = sourcecode.swift; path = ContentView.swift; sourceTree = "<group>"; };
		FA9DA02F2C455443002889CB /* Assets.xcassets */ = {isa = PBXFileReference; lastKnownFileType = folder.assetcatalog; path = Assets.xcassets; sourceTree = "<group>"; };
		FA9DA0312C455443002889CB /* HighlightFreezeDemo.entitlements */ = {isa = PBXFileReference; lastKnownFileType = text.plist.entitlements; path = HighlightFreezeDemo.entitlements; sourceTree = "<group>"; };
		FA9DA0332C455443002889CB /* Preview Assets.xcassets */ = {isa = PBXFileReference; lastKnownFileType = folder.assetcatalog; path = "Preview Assets.xcassets"; sourceTree = "<group>"; };
		FA9DA0422C4556D1002889CB /* highlight.min.js */ = {isa = PBXFileReference; lastKnownFileType = sourcecode.javascript; path = highlight.min.js; sourceTree = "<group>"; };
		FA9DA0442C4556D1002889CB /* HighlightSyntaxHighlighter.swift */ = {isa = PBXFileReference; lastKnownFileType = sourcecode.swift; path = HighlightSyntaxHighlighter.swift; sourceTree = "<group>"; };
		FA9DA0452C4556D1002889CB /* Highlight.swift */ = {isa = PBXFileReference; lastKnownFileType = sourcecode.swift; path = Highlight.swift; sourceTree = "<group>"; };
		FA9DA0462C4556D1002889CB /* HighlightTheme.swift */ = {isa = PBXFileReference; lastKnownFileType = sourcecode.swift; path = HighlightTheme.swift; sourceTree = "<group>"; };
		FA9DA0472C4556D1002889CB /* HighlightResult.swift */ = {isa = PBXFileReference; lastKnownFileType = sourcecode.swift; path = HighlightResult.swift; sourceTree = "<group>"; };
		FA9DA0482C4556D1002889CB /* HighlightMode.swift */ = {isa = PBXFileReference; lastKnownFileType = sourcecode.swift; path = HighlightMode.swift; sourceTree = "<group>"; };
		FA9DA0492C4556D1002889CB /* HighlightLanguage.swift */ = {isa = PBXFileReference; lastKnownFileType = sourcecode.swift; path = HighlightLanguage.swift; sourceTree = "<group>"; };
		FA9DA04A2C4556D1002889CB /* HighlightEntry.swift */ = {isa = PBXFileReference; lastKnownFileType = sourcecode.swift; path = HighlightEntry.swift; sourceTree = "<group>"; };
		FA9DA04B2C4556D1002889CB /* HighlightColors.swift */ = {isa = PBXFileReference; lastKnownFileType = sourcecode.swift; path = HighlightColors.swift; sourceTree = "<group>"; };
		FA9DA04C2C4556D1002889CB /* HighlightCSS.swift */ = {isa = PBXFileReference; lastKnownFileType = sourcecode.swift; path = HighlightCSS.swift; sourceTree = "<group>"; };
		FA9DA04D2C4556D1002889CB /* HighlightBackground.swift */ = {isa = PBXFileReference; lastKnownFileType = sourcecode.swift; path = HighlightBackground.swift; sourceTree = "<group>"; };
		FA9DA04F2C4556D1002889CB /* HLJSResult.swift */ = {isa = PBXFileReference; lastKnownFileType = sourcecode.swift; path = HLJSResult.swift; sourceTree = "<group>"; };
		FA9DA0502C4556D1002889CB /* HLJSError.swift */ = {isa = PBXFileReference; lastKnownFileType = sourcecode.swift; path = HLJSError.swift; sourceTree = "<group>"; };
		FA9DA0512C4556D1002889CB /* HLJS.swift */ = {isa = PBXFileReference; lastKnownFileType = sourcecode.swift; path = HLJS.swift; sourceTree = "<group>"; };
/* End PBXFileReference section */

/* Begin PBXFrameworksBuildPhase section */
		FA9DA0252C455442002889CB /* Frameworks */ = {
			isa = PBXFrameworksBuildPhase;
			buildActionMask = 2147483647;
			files = (
				FA9DA0642C455706002889CB /* MarkdownUI in Frameworks */,
			);
			runOnlyForDeploymentPostprocessing = 0;
		};
/* End PBXFrameworksBuildPhase section */

/* Begin PBXGroup section */
		FA9DA01F2C455442002889CB = {
			isa = PBXGroup;
			children = (
				FA9DA02A2C455442002889CB /* HighlightFreezeDemo */,
				FA9DA0292C455442002889CB /* Products */,
			);
			sourceTree = "<group>";
		};
		FA9DA0292C455442002889CB /* Products */ = {
			isa = PBXGroup;
			children = (
				FA9DA0282C455442002889CB /* HighlightFreezeDemo.app */,
			);
			name = Products;
			sourceTree = "<group>";
		};
		FA9DA02A2C455442002889CB /* HighlightFreezeDemo */ = {
			isa = PBXGroup;
			children = (
				FA9DA0532C4556D1002889CB /* Highlight */,
				FA9DA02B2C455442002889CB /* HighlightFreezeDemoApp.swift */,
				FA9DA02D2C455442002889CB /* ContentView.swift */,
				FA9DA02F2C455443002889CB /* Assets.xcassets */,
				FA9DA0312C455443002889CB /* HighlightFreezeDemo.entitlements */,
				FA9DA0322C455443002889CB /* Preview Content */,
			);
			path = HighlightFreezeDemo;
			sourceTree = "<group>";
		};
		FA9DA0322C455443002889CB /* Preview Content */ = {
			isa = PBXGroup;
			children = (
				FA9DA0332C455443002889CB /* Preview Assets.xcassets */,
			);
			path = "Preview Content";
			sourceTree = "<group>";
		};
		FA9DA0432C4556D1002889CB /* HighlightJS */ = {
			isa = PBXGroup;
			children = (
				FA9DA0422C4556D1002889CB /* highlight.min.js */,
			);
			path = HighlightJS;
			sourceTree = "<group>";
		};
		FA9DA04E2C4556D1002889CB /* Highlight */ = {
			isa = PBXGroup;
			children = (
				FA9DA0452C4556D1002889CB /* Highlight.swift */,
				FA9DA0462C4556D1002889CB /* HighlightTheme.swift */,
				FA9DA0472C4556D1002889CB /* HighlightResult.swift */,
				FA9DA0482C4556D1002889CB /* HighlightMode.swift */,
				FA9DA0492C4556D1002889CB /* HighlightLanguage.swift */,
				FA9DA04A2C4556D1002889CB /* HighlightEntry.swift */,
				FA9DA04B2C4556D1002889CB /* HighlightColors.swift */,
				FA9DA04C2C4556D1002889CB /* HighlightCSS.swift */,
				FA9DA04D2C4556D1002889CB /* HighlightBackground.swift */,
			);
			path = Highlight;
			sourceTree = "<group>";
		};
		FA9DA0522C4556D1002889CB /* HLJS */ = {
			isa = PBXGroup;
			children = (
				FA9DA04F2C4556D1002889CB /* HLJSResult.swift */,
				FA9DA0502C4556D1002889CB /* HLJSError.swift */,
				FA9DA0512C4556D1002889CB /* HLJS.swift */,
			);
			path = HLJS;
			sourceTree = "<group>";
		};
		FA9DA0532C4556D1002889CB /* Highlight */ = {
			isa = PBXGroup;
			children = (
				FA9DA0432C4556D1002889CB /* HighlightJS */,
				FA9DA0442C4556D1002889CB /* HighlightSyntaxHighlighter.swift */,
				FA9DA04E2C4556D1002889CB /* Highlight */,
				FA9DA0522C4556D1002889CB /* HLJS */,
			);
			path = Highlight;
			sourceTree = "<group>";
		};
/* End PBXGroup section */

/* Begin PBXNativeTarget section */
		FA9DA0272C455442002889CB /* HighlightFreezeDemo */ = {
			isa = PBXNativeTarget;
			buildConfigurationList = FA9DA0372C455443002889CB /* Build configuration list for PBXNativeTarget "HighlightFreezeDemo" */;
			buildPhases = (
				FA9DA0242C455442002889CB /* Sources */,
				FA9DA0252C455442002889CB /* Frameworks */,
				FA9DA0262C455442002889CB /* Resources */,
			);
			buildRules = (
			);
			dependencies = (
			);
			name = HighlightFreezeDemo;
			packageProductDependencies = (
				FA9DA0632C455706002889CB /* MarkdownUI */,
			);
			productName = HighlightFreezeDemo;
			productReference = FA9DA0282C455442002889CB /* HighlightFreezeDemo.app */;
			productType = "com.apple.product-type.application";
		};
/* End PBXNativeTarget section */

/* Begin PBXProject section */
		FA9DA0202C455442002889CB /* Project object */ = {
			isa = PBXProject;
			attributes = {
				BuildIndependentTargetsInParallel = 1;
				LastSwiftUpdateCheck = 1600;
				LastUpgradeCheck = 1600;
				TargetAttributes = {
					FA9DA0272C455442002889CB = {
						CreatedOnToolsVersion = 16.0;
					};
				};
			};
			buildConfigurationList = FA9DA0232C455442002889CB /* Build configuration list for PBXProject "HighlightFreezeDemo" */;
			compatibilityVersion = "Xcode 15.0";
			developmentRegion = en;
			hasScannedForEncodings = 0;
			knownRegions = (
				en,
				Base,
			);
			mainGroup = FA9DA01F2C455442002889CB;
			packageReferences = (
				FA9DA0622C455706002889CB /* XCRemoteSwiftPackageReference "swift-markdown-ui" */,
			);
			productRefGroup = FA9DA0292C455442002889CB /* Products */;
			projectDirPath = "";
			projectRoot = "";
			targets = (
				FA9DA0272C455442002889CB /* HighlightFreezeDemo */,
			);
		};
/* End PBXProject section */

/* Begin PBXResourcesBuildPhase section */
		FA9DA0262C455442002889CB /* Resources */ = {
			isa = PBXResourcesBuildPhase;
			buildActionMask = 2147483647;
			files = (
				FA9DA0612C4556D1002889CB /* highlight.min.js in Resources */,
				FA9DA0342C455443002889CB /* Preview Assets.xcassets in Resources */,
				FA9DA0302C455443002889CB /* Assets.xcassets in Resources */,
			);
			runOnlyForDeploymentPostprocessing = 0;
		};
/* End PBXResourcesBuildPhase section */

/* Begin PBXSourcesBuildPhase section */
		FA9DA0242C455442002889CB /* Sources */ = {
			isa = PBXSourcesBuildPhase;
			buildActionMask = 2147483647;
			files = (
				FA9DA02E2C455442002889CB /* ContentView.swift in Sources */,
				FA9DA02C2C455442002889CB /* HighlightFreezeDemoApp.swift in Sources */,
				FA9DA0542C4556D1002889CB /* HLJSError.swift in Sources */,
				FA9DA0552C4556D1002889CB /* HighlightSyntaxHighlighter.swift in Sources */,
				FA9DA0562C4556D1002889CB /* Highlight.swift in Sources */,
				FA9DA0572C4556D1002889CB /* HighlightColors.swift in Sources */,
				FA9DA0582C4556D1002889CB /* HighlightMode.swift in Sources */,
				FA9DA0592C4556D1002889CB /* HighlightLanguage.swift in Sources */,
				FA9DA05A2C4556D1002889CB /* HighlightResult.swift in Sources */,
				FA9DA05B2C4556D1002889CB /* HighlightBackground.swift in Sources */,
				FA9DA05C2C4556D1002889CB /* HLJS.swift in Sources */,
				FA9DA05D2C4556D1002889CB /* HighlightCSS.swift in Sources */,
				FA9DA05E2C4556D1002889CB /* HighlightEntry.swift in Sources */,
				FA9DA05F2C4556D1002889CB /* HLJSResult.swift in Sources */,
				FA9DA0602C4556D1002889CB /* HighlightTheme.swift in Sources */,
			);
			runOnlyForDeploymentPostprocessing = 0;
		};
/* End PBXSourcesBuildPhase section */

/* Begin XCBuildConfiguration section */
		FA9DA0352C455443002889CB /* Debug */ = {
			isa = XCBuildConfiguration;
			buildSettings = {
				ALWAYS_SEARCH_USER_PATHS = NO;
				ASSETCATALOG_COMPILER_GENERATE_SWIFT_ASSET_SYMBOL_EXTENSIONS = YES;
				CLANG_ANALYZER_NONNULL = YES;
				CLANG_ANALYZER_NUMBER_OBJECT_CONVERSION = YES_AGGRESSIVE;
				CLANG_CXX_LANGUAGE_STANDARD = "gnu++20";
				CLANG_ENABLE_MODULES = YES;
				CLANG_ENABLE_OBJC_ARC = YES;
				CLANG_ENABLE_OBJC_WEAK = YES;
				CLANG_WARN_BLOCK_CAPTURE_AUTORELEASING = YES;
				CLANG_WARN_BOOL_CONVERSION = YES;
				CLANG_WARN_COMMA = YES;
				CLANG_WARN_CONSTANT_CONVERSION = YES;
				CLANG_WARN_DEPRECATED_OBJC_IMPLEMENTATIONS = YES;
				CLANG_WARN_DIRECT_OBJC_ISA_USAGE = YES_ERROR;
				CLANG_WARN_DOCUMENTATION_COMMENTS = YES;
				CLANG_WARN_EMPTY_BODY = YES;
				CLANG_WARN_ENUM_CONVERSION = YES;
				CLANG_WARN_INFINITE_RECURSION = YES;
				CLANG_WARN_INT_CONVERSION = YES;
				CLANG_WARN_NON_LITERAL_NULL_CONVERSION = YES;
				CLANG_WARN_OBJC_IMPLICIT_RETAIN_SELF = YES;
				CLANG_WARN_OBJC_LITERAL_CONVERSION = YES;
				CLANG_WARN_OBJC_ROOT_CLASS = YES_ERROR;
				CLANG_WARN_QUOTED_INCLUDE_IN_FRAMEWORK_HEADER = YES;
				CLANG_WARN_RANGE_LOOP_ANALYSIS = YES;
				CLANG_WARN_STRICT_PROTOTYPES = YES;
				CLANG_WARN_SUSPICIOUS_MOVE = YES;
				CLANG_WARN_UNGUARDED_AVAILABILITY = YES_AGGRESSIVE;
				CLANG_WARN_UNREACHABLE_CODE = YES;
				CLANG_WARN__DUPLICATE_METHOD_MATCH = YES;
				COPY_PHASE_STRIP = NO;
				DEBUG_INFORMATION_FORMAT = dwarf;
				ENABLE_STRICT_OBJC_MSGSEND = YES;
				ENABLE_TESTABILITY = YES;
				ENABLE_USER_SCRIPT_SANDBOXING = YES;
				GCC_C_LANGUAGE_STANDARD = gnu17;
				GCC_DYNAMIC_NO_PIC = NO;
				GCC_NO_COMMON_BLOCKS = YES;
				GCC_OPTIMIZATION_LEVEL = 0;
				GCC_PREPROCESSOR_DEFINITIONS = (
					"DEBUG=1",
					"$(inherited)",
				);
				GCC_WARN_64_TO_32_BIT_CONVERSION = YES;
				GCC_WARN_ABOUT_RETURN_TYPE = YES_ERROR;
				GCC_WARN_UNDECLARED_SELECTOR = YES;
				GCC_WARN_UNINITIALIZED_AUTOS = YES_AGGRESSIVE;
				GCC_WARN_UNUSED_FUNCTION = YES;
				GCC_WARN_UNUSED_VARIABLE = YES;
				LOCALIZATION_PREFERS_STRING_CATALOGS = YES;
				MTL_ENABLE_DEBUG_INFO = INCLUDE_SOURCE;
				MTL_FAST_MATH = YES;
				ONLY_ACTIVE_ARCH = YES;
				SWIFT_ACTIVE_COMPILATION_CONDITIONS = "DEBUG $(inherited)";
				SWIFT_OPTIMIZATION_LEVEL = "-Onone";
			};
			name = Debug;
		};
		FA9DA0362C455443002889CB /* Release */ = {
			isa = XCBuildConfiguration;
			buildSettings = {
				ALWAYS_SEARCH_USER_PATHS = NO;
				ASSETCATALOG_COMPILER_GENERATE_SWIFT_ASSET_SYMBOL_EXTENSIONS = YES;
				CLANG_ANALYZER_NONNULL = YES;
				CLANG_ANALYZER_NUMBER_OBJECT_CONVERSION = YES_AGGRESSIVE;
				CLANG_CXX_LANGUAGE_STANDARD = "gnu++20";
				CLANG_ENABLE_MODULES = YES;
				CLANG_ENABLE_OBJC_ARC = YES;
				CLANG_ENABLE_OBJC_WEAK = YES;
				CLANG_WARN_BLOCK_CAPTURE_AUTORELEASING = YES;
				CLANG_WARN_BOOL_CONVERSION = YES;
				CLANG_WARN_COMMA = YES;
				CLANG_WARN_CONSTANT_CONVERSION = YES;
				CLANG_WARN_DEPRECATED_OBJC_IMPLEMENTATIONS = YES;
				CLANG_WARN_DIRECT_OBJC_ISA_USAGE = YES_ERROR;
				CLANG_WARN_DOCUMENTATION_COMMENTS = YES;
				CLANG_WARN_EMPTY_BODY = YES;
				CLANG_WARN_ENUM_CONVERSION = YES;
				CLANG_WARN_INFINITE_RECURSION = YES;
				CLANG_WARN_INT_CONVERSION = YES;
				CLANG_WARN_NON_LITERAL_NULL_CONVERSION = YES;
				CLANG_WARN_OBJC_IMPLICIT_RETAIN_SELF = YES;
				CLANG_WARN_OBJC_LITERAL_CONVERSION = YES;
				CLANG_WARN_OBJC_ROOT_CLASS = YES_ERROR;
				CLANG_WARN_QUOTED_INCLUDE_IN_FRAMEWORK_HEADER = YES;
				CLANG_WARN_RANGE_LOOP_ANALYSIS = YES;
				CLANG_WARN_STRICT_PROTOTYPES = YES;
				CLANG_WARN_SUSPICIOUS_MOVE = YES;
				CLANG_WARN_UNGUARDED_AVAILABILITY = YES_AGGRESSIVE;
				CLANG_WARN_UNREACHABLE_CODE = YES;
				CLANG_WARN__DUPLICATE_METHOD_MATCH = YES;
				COPY_PHASE_STRIP = NO;
				DEBUG_INFORMATION_FORMAT = "dwarf-with-dsym";
				ENABLE_NS_ASSERTIONS = NO;
				ENABLE_STRICT_OBJC_MSGSEND = YES;
				ENABLE_USER_SCRIPT_SANDBOXING = YES;
				GCC_C_LANGUAGE_STANDARD = gnu17;
				GCC_NO_COMMON_BLOCKS = YES;
				GCC_WARN_64_TO_32_BIT_CONVERSION = YES;
				GCC_WARN_ABOUT_RETURN_TYPE = YES_ERROR;
				GCC_WARN_UNDECLARED_SELECTOR = YES;
				GCC_WARN_UNINITIALIZED_AUTOS = YES_AGGRESSIVE;
				GCC_WARN_UNUSED_FUNCTION = YES;
				GCC_WARN_UNUSED_VARIABLE = YES;
				LOCALIZATION_PREFERS_STRING_CATALOGS = YES;
				MTL_ENABLE_DEBUG_INFO = NO;
				MTL_FAST_MATH = YES;
				SWIFT_COMPILATION_MODE = wholemodule;
			};
			name = Release;
		};
		FA9DA0382C455443002889CB /* Debug */ = {
			isa = XCBuildConfiguration;
			buildSettings = {
				ASSETCATALOG_COMPILER_APPICON_NAME = AppIcon;
				ASSETCATALOG_COMPILER_GLOBAL_ACCENT_COLOR_NAME = AccentColor;
				CODE_SIGN_ENTITLEMENTS = HighlightFreezeDemo/HighlightFreezeDemo.entitlements;
				CODE_SIGN_STYLE = Automatic;
				CURRENT_PROJECT_VERSION = 1;
				DEVELOPMENT_ASSET_PATHS = "\"HighlightFreezeDemo/Preview Content\"";
				DEVELOPMENT_TEAM = TA6Q54FQR2;
				ENABLE_HARDENED_RUNTIME = YES;
				ENABLE_PREVIEWS = YES;
				GENERATE_INFOPLIST_FILE = YES;
				"INFOPLIST_KEY_UIApplicationSceneManifest_Generation[sdk=iphoneos*]" = YES;
				"INFOPLIST_KEY_UIApplicationSceneManifest_Generation[sdk=iphonesimulator*]" = YES;
				"INFOPLIST_KEY_UIApplicationSupportsIndirectInputEvents[sdk=iphoneos*]" = YES;
				"INFOPLIST_KEY_UIApplicationSupportsIndirectInputEvents[sdk=iphonesimulator*]" = YES;
				"INFOPLIST_KEY_UILaunchScreen_Generation[sdk=iphoneos*]" = YES;
				"INFOPLIST_KEY_UILaunchScreen_Generation[sdk=iphonesimulator*]" = YES;
				"INFOPLIST_KEY_UIStatusBarStyle[sdk=iphoneos*]" = UIStatusBarStyleDefault;
				"INFOPLIST_KEY_UIStatusBarStyle[sdk=iphonesimulator*]" = UIStatusBarStyleDefault;
				INFOPLIST_KEY_UISupportedInterfaceOrientations_iPad = "UIInterfaceOrientationPortrait UIInterfaceOrientationPortraitUpsideDown UIInterfaceOrientationLandscapeLeft UIInterfaceOrientationLandscapeRight";
				INFOPLIST_KEY_UISupportedInterfaceOrientations_iPhone = "UIInterfaceOrientationPortrait UIInterfaceOrientationLandscapeLeft UIInterfaceOrientationLandscapeRight";
				IPHONEOS_DEPLOYMENT_TARGET = 18.0;
				LD_RUNPATH_SEARCH_PATHS = "@executable_path/Frameworks";
				"LD_RUNPATH_SEARCH_PATHS[sdk=macosx*]" = "@executable_path/../Frameworks";
				MACOSX_DEPLOYMENT_TARGET = 15.0;
				MARKETING_VERSION = 1.0;
				PRODUCT_BUNDLE_IDENTIFIER = app.aiengine.HighlightFreezeDemo;
				PRODUCT_NAME = "$(TARGET_NAME)";
				SDKROOT = auto;
				SUPPORTED_PLATFORMS = "iphoneos iphonesimulator macosx xros xrsimulator";
				SWIFT_EMIT_LOC_STRINGS = YES;
				SWIFT_VERSION = 5.0;
				TARGETED_DEVICE_FAMILY = "1,2,7";
				XROS_DEPLOYMENT_TARGET = 2.0;
			};
			name = Debug;
		};
		FA9DA0392C455443002889CB /* Release */ = {
			isa = XCBuildConfiguration;
			buildSettings = {
				ASSETCATALOG_COMPILER_APPICON_NAME = AppIcon;
				ASSETCATALOG_COMPILER_GLOBAL_ACCENT_COLOR_NAME = AccentColor;
				CODE_SIGN_ENTITLEMENTS = HighlightFreezeDemo/HighlightFreezeDemo.entitlements;
				CODE_SIGN_STYLE = Automatic;
				CURRENT_PROJECT_VERSION = 1;
				DEVELOPMENT_ASSET_PATHS = "\"HighlightFreezeDemo/Preview Content\"";
				DEVELOPMENT_TEAM = TA6Q54FQR2;
				ENABLE_HARDENED_RUNTIME = YES;
				ENABLE_PREVIEWS = YES;
				GENERATE_INFOPLIST_FILE = YES;
				"INFOPLIST_KEY_UIApplicationSceneManifest_Generation[sdk=iphoneos*]" = YES;
				"INFOPLIST_KEY_UIApplicationSceneManifest_Generation[sdk=iphonesimulator*]" = YES;
				"INFOPLIST_KEY_UIApplicationSupportsIndirectInputEvents[sdk=iphoneos*]" = YES;
				"INFOPLIST_KEY_UIApplicationSupportsIndirectInputEvents[sdk=iphonesimulator*]" = YES;
				"INFOPLIST_KEY_UILaunchScreen_Generation[sdk=iphoneos*]" = YES;
				"INFOPLIST_KEY_UILaunchScreen_Generation[sdk=iphonesimulator*]" = YES;
				"INFOPLIST_KEY_UIStatusBarStyle[sdk=iphoneos*]" = UIStatusBarStyleDefault;
				"INFOPLIST_KEY_UIStatusBarStyle[sdk=iphonesimulator*]" = UIStatusBarStyleDefault;
				INFOPLIST_KEY_UISupportedInterfaceOrientations_iPad = "UIInterfaceOrientationPortrait UIInterfaceOrientationPortraitUpsideDown UIInterfaceOrientationLandscapeLeft UIInterfaceOrientationLandscapeRight";
				INFOPLIST_KEY_UISupportedInterfaceOrientations_iPhone = "UIInterfaceOrientationPortrait UIInterfaceOrientationLandscapeLeft UIInterfaceOrientationLandscapeRight";
				IPHONEOS_DEPLOYMENT_TARGET = 18.0;
				LD_RUNPATH_SEARCH_PATHS = "@executable_path/Frameworks";
				"LD_RUNPATH_SEARCH_PATHS[sdk=macosx*]" = "@executable_path/../Frameworks";
				MACOSX_DEPLOYMENT_TARGET = 15.0;
				MARKETING_VERSION = 1.0;
				PRODUCT_BUNDLE_IDENTIFIER = app.aiengine.HighlightFreezeDemo;
				PRODUCT_NAME = "$(TARGET_NAME)";
				SDKROOT = auto;
				SUPPORTED_PLATFORMS = "iphoneos iphonesimulator macosx xros xrsimulator";
				SWIFT_EMIT_LOC_STRINGS = YES;
				SWIFT_VERSION = 5.0;
				TARGETED_DEVICE_FAMILY = "1,2,7";
				XROS_DEPLOYMENT_TARGET = 2.0;
			};
			name = Release;
		};
/* End XCBuildConfiguration section */

/* Begin XCConfigurationList section */
		FA9DA0232C455442002889CB /* Build configuration list for PBXProject "HighlightFreezeDemo" */ = {
			isa = XCConfigurationList;
			buildConfigurations = (
				FA9DA0352C455443002889CB /* Debug */,
				FA9DA0362C455443002889CB /* Release */,
			);
			defaultConfigurationIsVisible = 0;
			defaultConfigurationName = Release;
		};
		FA9DA0372C455443002889CB /* Build configuration list for PBXNativeTarget "HighlightFreezeDemo" */ = {
			isa = XCConfigurationList;
			buildConfigurations = (
				FA9DA0382C455443002889CB /* Debug */,
				FA9DA0392C455443002889CB /* Release */,
			);
			defaultConfigurationIsVisible = 0;
			defaultConfigurationName = Release;
		};
/* End XCConfigurationList section */

/* Begin XCRemoteSwiftPackageReference section */
		FA9DA0622C455706002889CB /* XCRemoteSwiftPackageReference "swift-markdown-ui" */ = {
			isa = XCRemoteSwiftPackageReference;
			repositoryURL = "https://github.com/gonzalezreal/swift-markdown-ui";
			requirement = {
				kind = upToNextMajorVersion;
				minimumVersion = 2.3.1;
			};
		};
/* End XCRemoteSwiftPackageReference section */

/* Begin XCSwiftPackageProductDependency section */
		FA9DA0632C455706002889CB /* MarkdownUI */ = {
			isa = XCSwiftPackageProductDependency;
			package = FA9DA0622C455706002889CB /* XCRemoteSwiftPackageReference "swift-markdown-ui" */;
			productName = MarkdownUI;
		};
/* End XCSwiftPackageProductDependency section */
	};
	rootObject = FA9DA0202C455442002889CB /* Project object */;
}
